
Microsoft Visual Studio Solution File, Format Version 12.00
# Visual Studio 15
VisualStudioVersion = 15.0.28010.2046
MinimumVisualStudioVersion = 10.0.40219.1
Project("{FAE04EC0-301F-11D3-BF4B-00C04F79EFBC}") = "SubwayTimes", "SubwayTimes\SubwayTimes.csproj", "{44B37FE4-37CC-484B-8EF6-A761F443435C}"
EndProject
Global
	GlobalSection(SolutionConfigurationPlatforms) = preSolution
		Debug|Any CPU = Debug|Any CPU
		Release|Any CPU = Release|Any CPU
	EndGlobalSection
	GlobalSection(ProjectConfigurationPlatforms) = postSolution
		{44B37FE4-37CC-484B-8EF6-A761F443435C}.Debug|Any CPU.ActiveCfg = Debug|Any CPU
		{44B37FE4-37CC-484B-8EF6-A761F443435C}.Debug|Any CPU.Build.0 = Debug|Any CPU
		{44B37FE4-37CC-484B-8EF6-A761F443435C}.Release|Any CPU.ActiveCfg = Release|Any CPU
		{44B37FE4-37CC-484B-8EF6-A761F443435C}.Release|Any CPU.Build.0 = Release|Any CPU
	EndGlobalSection
	GlobalSection(SolutionProperties) = preSolution
		HideSolutionNode = FALSE
	EndGlobalSection
	GlobalSection(ExtensibilityGlobals) = postSolution
		SolutionGuid = {B03932BD-A145-4B51-90B2-BD97DD09DC69}
	EndGlobalSection
EndGlobal
