
Microsoft Visual Studio Solution File, Format Version 12.00
# Visual Studio 15
VisualStudioVersion = 15.0.28010.2046
MinimumVisualStudioVersion = 10.0.40219.1
Project("{FAE04EC0-301F-11D3-BF4B-00C04F79EFBC}") = "SubwayTimes", "SubwayTimes\SubwayTimes.csproj", "{CA3C5F6D-87C5-4A5B-B6CE-C7F4D0729C70}"
	ProjectSection(ProjectDependencies) = postProject
		{3B6F0737-DE8A-4038-8B76-39C654148F63} = {3B6F0737-DE8A-4038-8B76-39C654148F63}
		{797431AF-0B02-4D89-A32B-19BB1B8A9949} = {797431AF-0B02-4D89-A32B-19BB1B8A9949}
	EndProjectSection
EndProject
Project("{FAE04EC0-301F-11D3-BF4B-00C04F79EFBC}") = "SubwayTimes.Services", "SubwayTimes.Services\SubwayTimes.Services.csproj", "{3B6F0737-DE8A-4038-8B76-39C654148F63}"
EndProject
Project("{FAE04EC0-301F-11D3-BF4B-00C04F79EFBC}") = "SubwayTimes.Models", "SubwayTimes.Models\SubwayTimes.Models.csproj", "{797431AF-0B02-4D89-A32B-19BB1B8A9949}"
EndProject
Global
	GlobalSection(SolutionConfigurationPlatforms) = preSolution
		Debug|Any CPU = Debug|Any CPU
		Release|Any CPU = Release|Any CPU
	EndGlobalSection
	GlobalSection(ProjectConfigurationPlatforms) = postSolution
		{CA3C5F6D-87C5-4A5B-B6CE-C7F4D0729C70}.Debug|Any CPU.ActiveCfg = Debug|Any CPU
		{CA3C5F6D-87C5-4A5B-B6CE-C7F4D0729C70}.Debug|Any CPU.Build.0 = Debug|Any CPU
		{CA3C5F6D-87C5-4A5B-B6CE-C7F4D0729C70}.Release|Any CPU.ActiveCfg = Release|Any CPU
		{CA3C5F6D-87C5-4A5B-B6CE-C7F4D0729C70}.Release|Any CPU.Build.0 = Release|Any CPU
		{3B6F0737-DE8A-4038-8B76-39C654148F63}.Debug|Any CPU.ActiveCfg = Debug|Any CPU
		{3B6F0737-DE8A-4038-8B76-39C654148F63}.Debug|Any CPU.Build.0 = Debug|Any CPU
		{3B6F0737-DE8A-4038-8B76-39C654148F63}.Release|Any CPU.ActiveCfg = Release|Any CPU
		{3B6F0737-DE8A-4038-8B76-39C654148F63}.Release|Any CPU.Build.0 = Release|Any CPU
		{797431AF-0B02-4D89-A32B-19BB1B8A9949}.Debug|Any CPU.ActiveCfg = Debug|Any CPU
		{797431AF-0B02-4D89-A32B-19BB1B8A9949}.Debug|Any CPU.Build.0 = Debug|Any CPU
		{797431AF-0B02-4D89-A32B-19BB1B8A9949}.Release|Any CPU.ActiveCfg = Release|Any CPU
		{797431AF-0B02-4D89-A32B-19BB1B8A9949}.Release|Any CPU.Build.0 = Release|Any CPU
	EndGlobalSection
	GlobalSection(SolutionProperties) = preSolution
		HideSolutionNode = FALSE
	EndGlobalSection
	GlobalSection(ExtensibilityGlobals) = postSolution
		SolutionGuid = {B03932BD-A145-4B51-90B2-BD97DD09DC69}
	EndGlobalSection
EndGlobal
